
Microsoft Visual Studio Solution File, Format Version 12.00
# Visual Studio Version 17
VisualStudioVersion = 17.0.31903.59
MinimumVisualStudioVersion = 10.0.40219.1
Project("{2150E333-8FDC-42A3-9474-1A3956D46DE8}") = "src", "src", "{827E0CD3-B72D-47B6-A68D-7590B98EB39B}"
EndProject
Project("{FAE04EC0-301F-11D3-BF4B-00C04F79EFBC}") = "Attendance.Domain", "src\Attendance.Domain\Attendance.Domain.csproj", "{9BC80744-EF5A-43F8-B899-5AD1FC4BAA79}"
EndProject
Project("{FAE04EC0-301F-11D3-BF4B-00C04F79EFBC}") = "Attendance.Application", "src\Attendance.Application\Attendance.Application.csproj", "{088A445A-1B98-419F-8546-C191449CB1C1}"
EndProject
Project("{FAE04EC0-301F-11D3-BF4B-00C04F79EFBC}") = "Attendance.Infrastructure", "src\Attendance.Infrastructure\Attendance.Infrastructure.csproj", "{FC0FAB2F-CACE-4F72-A159-76454030574E}"
EndProject
Project("{FAE04EC0-301F-11D3-BF4B-00C04F79EFBC}") = "Attendance.Worker", "src\Attendance.Worker\Attendance.Worker.csproj", "{8788A05E-AB93-4577-B88F-38D00F54F733}"
EndProject
Project("{FAE04EC0-301F-11D3-BF4B-00C04F79EFBC}") = "Attendance.Api", "src\Attendance.Api\Attendance.Api.csproj", "{429A33B8-8702-400A-AC85-099D4971A595}"
EndProject
Project("{2150E333-8FDC-42A3-9474-1A3956D46DE8}") = "tests", "tests", "{0AB3BF05-4346-4AA6-1389-037BE0695223}"
EndProject
Project("{FAE04EC0-301F-11D3-BF4B-00C04F79EFBC}") = "Attendance.Domain.Tests", "tests\Attendance.Domain.Tests\Attendance.Domain.Tests.csproj", "{BE2DE041-0901-481B-A501-5045B64FE70B}"
EndProject
Project("{FAE04EC0-301F-11D3-BF4B-00C04F79EFBC}") = "Attendance.Api.IntegrationTests", "tests\Attendance.Api.IntegrationTests\Attendance.Api.IntegrationTests.csproj", "{BA73A0E0-C66D-41C8-85E6-F7154DA6E0DD}"
EndProject
Global
	GlobalSection(SolutionConfigurationPlatforms) = preSolution
		Debug|Any CPU = Debug|Any CPU
		Debug|x64 = Debug|x64
		Debug|x86 = Debug|x86
		Release|Any CPU = Release|Any CPU
		Release|x64 = Release|x64
		Release|x86 = Release|x86
	EndGlobalSection
	GlobalSection(ProjectConfigurationPlatforms) = postSolution
		{9BC80744-EF5A-43F8-B899-5AD1FC4BAA79}.Debug|Any CPU.ActiveCfg = Debug|Any CPU
		{9BC80744-EF5A-43F8-B899-5AD1FC4BAA79}.Debug|Any CPU.Build.0 = Debug|Any CPU
		{9BC80744-EF5A-43F8-B899-5AD1FC4BAA79}.Debug|x64.ActiveCfg = Debug|Any CPU
		{9BC80744-EF5A-43F8-B899-5AD1FC4BAA79}.Debug|x64.Build.0 = Debug|Any CPU
		{9BC80744-EF5A-43F8-B899-5AD1FC4BAA79}.Debug|x86.ActiveCfg = Debug|Any CPU
		{9BC80744-EF5A-43F8-B899-5AD1FC4BAA79}.Debug|x86.Build.0 = Debug|Any CPU
		{9BC80744-EF5A-43F8-B899-5AD1FC4BAA79}.Release|Any CPU.ActiveCfg = Release|Any CPU
		{9BC80744-EF5A-43F8-B899-5AD1FC4BAA79}.Release|Any CPU.Build.0 = Release|Any CPU
		{9BC80744-EF5A-43F8-B899-5AD1FC4BAA79}.Release|x64.ActiveCfg = Release|Any CPU
		{9BC80744-EF5A-43F8-B899-5AD1FC4BAA79}.Release|x64.Build.0 = Release|Any CPU
		{9BC80744-EF5A-43F8-B899-5AD1FC4BAA79}.Release|x86.ActiveCfg = Release|Any CPU
		{9BC80744-EF5A-43F8-B899-5AD1FC4BAA79}.Release|x86.Build.0 = Release|Any CPU
		{088A445A-1B98-419F-8546-C191449CB1C1}.Debug|Any CPU.ActiveCfg = Debug|Any CPU
		{088A445A-1B98-419F-8546-C191449CB1C1}.Debug|Any CPU.Build.0 = Debug|Any CPU
		{088A445A-1B98-419F-8546-C191449CB1C1}.Debug|x64.ActiveCfg = Debug|Any CPU
		{088A445A-1B98-419F-8546-C191449CB1C1}.Debug|x64.Build.0 = Debug|Any CPU
		{088A445A-1B98-419F-8546-C191449CB1C1}.Debug|x86.ActiveCfg = Debug|Any CPU
		{088A445A-1B98-419F-8546-C191449CB1C1}.Debug|x86.Build.0 = Debug|Any CPU
		{088A445A-1B98-419F-8546-C191449CB1C1}.Release|Any CPU.ActiveCfg = Release|Any CPU
		{088A445A-1B98-419F-8546-C191449CB1C1}.Release|Any CPU.Build.0 = Release|Any CPU
		{088A445A-1B98-419F-8546-C191449CB1C1}.Release|x64.ActiveCfg = Release|Any CPU
		{088A445A-1B98-419F-8546-C191449CB1C1}.Release|x64.Build.0 = Release|Any CPU
		{088A445A-1B98-419F-8546-C191449CB1C1}.Release|x86.ActiveCfg = Release|Any CPU
		{088A445A-1B98-419F-8546-C191449CB1C1}.Release|x86.Build.0 = Release|Any CPU
		{FC0FAB2F-CACE-4F72-A159-76454030574E}.Debug|Any CPU.ActiveCfg = Debug|Any CPU
		{FC0FAB2F-CACE-4F72-A159-76454030574E}.Debug|Any CPU.Build.0 = Debug|Any CPU
		{FC0FAB2F-CACE-4F72-A159-76454030574E}.Debug|x64.ActiveCfg = Debug|Any CPU
		{FC0FAB2F-CACE-4F72-A159-76454030574E}.Debug|x64.Build.0 = Debug|Any CPU
		{FC0FAB2F-CACE-4F72-A159-76454030574E}.Debug|x86.ActiveCfg = Debug|Any CPU
		{FC0FAB2F-CACE-4F72-A159-76454030574E}.Debug|x86.Build.0 = Debug|Any CPU
		{FC0FAB2F-CACE-4F72-A159-76454030574E}.Release|Any CPU.ActiveCfg = Release|Any CPU
		{FC0FAB2F-CACE-4F72-A159-76454030574E}.Release|Any CPU.Build.0 = Release|Any CPU
		{FC0FAB2F-CACE-4F72-A159-76454030574E}.Release|x64.ActiveCfg = Release|Any CPU
		{FC0FAB2F-CACE-4F72-A159-76454030574E}.Release|x64.Build.0 = Release|Any CPU
		{FC0FAB2F-CACE-4F72-A159-76454030574E}.Release|x86.ActiveCfg = Release|Any CPU
		{FC0FAB2F-CACE-4F72-A159-76454030574E}.Release|x86.Build.0 = Release|Any CPU
		{8788A05E-AB93-4577-B88F-38D00F54F733}.Debug|Any CPU.ActiveCfg = Debug|Any CPU
		{8788A05E-AB93-4577-B88F-38D00F54F733}.Debug|Any CPU.Build.0 = Debug|Any CPU
		{8788A05E-AB93-4577-B88F-38D00F54F733}.Debug|x64.ActiveCfg = Debug|Any CPU
		{8788A05E-AB93-4577-B88F-38D00F54F733}.Debug|x64.Build.0 = Debug|Any CPU
		{8788A05E-AB93-4577-B88F-38D00F54F733}.Debug|x86.ActiveCfg = Debug|Any CPU
		{8788A05E-AB93-4577-B88F-38D00F54F733}.Debug|x86.Build.0 = Debug|Any CPU
		{8788A05E-AB93-4577-B88F-38D00F54F733}.Release|Any CPU.ActiveCfg = Release|Any CPU
		{8788A05E-AB93-4577-B88F-38D00F54F733}.Release|Any CPU.Build.0 = Release|Any CPU
		{8788A05E-AB93-4577-B88F-38D00F54F733}.Release|x64.ActiveCfg = Release|Any CPU
		{8788A05E-AB93-4577-B88F-38D00F54F733}.Release|x64.Build.0 = Release|Any CPU
		{8788A05E-AB93-4577-B88F-38D00F54F733}.Release|x86.ActiveCfg = Release|Any CPU
		{8788A05E-AB93-4577-B88F-38D00F54F733}.Release|x86.Build.0 = Release|Any CPU
		{429A33B8-8702-400A-AC85-099D4971A595}.Debug|Any CPU.ActiveCfg = Debug|Any CPU
		{429A33B8-8702-400A-AC85-099D4971A595}.Debug|Any CPU.Build.0 = Debug|Any CPU
		{429A33B8-8702-400A-AC85-099D4971A595}.Debug|x64.ActiveCfg = Debug|Any CPU
		{429A33B8-8702-400A-AC85-099D4971A595}.Debug|x64.Build.0 = Debug|Any CPU
		{429A33B8-8702-400A-AC85-099D4971A595}.Debug|x86.ActiveCfg = Debug|Any CPU
		{429A33B8-8702-400A-AC85-099D4971A595}.Debug|x86.Build.0 = Debug|Any CPU
		{429A33B8-8702-400A-AC85-099D4971A595}.Release|Any CPU.ActiveCfg = Release|Any CPU
		{429A33B8-8702-400A-AC85-099D4971A595}.Release|Any CPU.Build.0 = Release|Any CPU
		{429A33B8-8702-400A-AC85-099D4971A595}.Release|x64.ActiveCfg = Release|Any CPU
		{429A33B8-8702-400A-AC85-099D4971A595}.Release|x64.Build.0 = Release|Any CPU
		{429A33B8-8702-400A-AC85-099D4971A595}.Release|x86.ActiveCfg = Release|Any CPU
		{429A33B8-8702-400A-AC85-099D4971A595}.Release|x86.Build.0 = Release|Any CPU
		{BE2DE041-0901-481B-A501-5045B64FE70B}.Debug|Any CPU.ActiveCfg = Debug|Any CPU
		{BE2DE041-0901-481B-A501-5045B64FE70B}.Debug|Any CPU.Build.0 = Debug|Any CPU
		{BE2DE041-0901-481B-A501-5045B64FE70B}.Debug|x64.ActiveCfg = Debug|Any CPU
		{BE2DE041-0901-481B-A501-5045B64FE70B}.Debug|x64.Build.0 = Debug|Any CPU
		{BE2DE041-0901-481B-A501-5045B64FE70B}.Debug|x86.ActiveCfg = Debug|Any CPU
		{BE2DE041-0901-481B-A501-5045B64FE70B}.Debug|x86.Build.0 = Debug|Any CPU
		{BE2DE041-0901-481B-A501-5045B64FE70B}.Release|Any CPU.ActiveCfg = Release|Any CPU
		{BE2DE041-0901-481B-A501-5045B64FE70B}.Release|Any CPU.Build.0 = Release|Any CPU
		{BE2DE041-0901-481B-A501-5045B64FE70B}.Release|x64.ActiveCfg = Release|Any CPU
		{BE2DE041-0901-481B-A501-5045B64FE70B}.Release|x64.Build.0 = Release|Any CPU
		{BE2DE041-0901-481B-A501-5045B64FE70B}.Release|x86.ActiveCfg = Release|Any CPU
		{BE2DE041-0901-481B-A501-5045B64FE70B}.Release|x86.Build.0 = Release|Any CPU
		{BA73A0E0-C66D-41C8-85E6-F7154DA6E0DD}.Debug|Any CPU.ActiveCfg = Debug|Any CPU
		{BA73A0E0-C66D-41C8-85E6-F7154DA6E0DD}.Debug|Any CPU.Build.0 = Debug|Any CPU
		{BA73A0E0-C66D-41C8-85E6-F7154DA6E0DD}.Debug|x64.ActiveCfg = Debug|Any CPU
		{BA73A0E0-C66D-41C8-85E6-F7154DA6E0DD}.Debug|x64.Build.0 = Debug|Any CPU
		{BA73A0E0-C66D-41C8-85E6-F7154DA6E0DD}.Debug|x86.ActiveCfg = Debug|Any CPU
		{BA73A0E0-C66D-41C8-85E6-F7154DA6E0DD}.Debug|x86.Build.0 = Debug|Any CPU
		{BA73A0E0-C66D-41C8-85E6-F7154DA6E0DD}.Release|Any CPU.ActiveCfg = Release|Any CPU
		{BA73A0E0-C66D-41C8-85E6-F7154DA6E0DD}.Release|Any CPU.Build.0 = Release|Any CPU
		{BA73A0E0-C66D-41C8-85E6-F7154DA6E0DD}.Release|x64.ActiveCfg = Release|Any CPU
		{BA73A0E0-C66D-41C8-85E6-F7154DA6E0DD}.Release|x64.Build.0 = Release|Any CPU
		{BA73A0E0-C66D-41C8-85E6-F7154DA6E0DD}.Release|x86.ActiveCfg = Release|Any CPU
		{BA73A0E0-C66D-41C8-85E6-F7154DA6E0DD}.Release|x86.Build.0 = Release|Any CPU
	EndGlobalSection
	GlobalSection(SolutionProperties) = preSolution
		HideSolutionNode = FALSE
	EndGlobalSection
	GlobalSection(NestedProjects) = preSolution
		{9BC80744-EF5A-43F8-B899-5AD1FC4BAA79} = {827E0CD3-B72D-47B6-A68D-7590B98EB39B}
		{088A445A-1B98-419F-8546-C191449CB1C1} = {827E0CD3-B72D-47B6-A68D-7590B98EB39B}
		{FC0FAB2F-CACE-4F72-A159-76454030574E} = {827E0CD3-B72D-47B6-A68D-7590B98EB39B}
		{8788A05E-AB93-4577-B88F-38D00F54F733} = {827E0CD3-B72D-47B6-A68D-7590B98EB39B}
		{429A33B8-8702-400A-AC85-099D4971A595} = {827E0CD3-B72D-47B6-A68D-7590B98EB39B}
		{BE2DE041-0901-481B-A501-5045B64FE70B} = {0AB3BF05-4346-4AA6-1389-037BE0695223}
		{BA73A0E0-C66D-41C8-85E6-F7154DA6E0DD} = {0AB3BF05-4346-4AA6-1389-037BE0695223}
	EndGlobalSection
EndGlobal
